// !$*UTF8*$!
{
	archiveVersion = 1;
	classes = {
	};
	objectVersion = 46;
	objects = {

/* Begin PBXBuildFile section */
		3D17AC531B52CF1600212AD8 /* main.m in Sources */ = {isa = PBXBuildFile; fileRef = 3D17AC521B52CF1600212AD8 /* main.m */; };
		3D17AC561B52CF1600212AD8 /* AppDelegate.m in Sources */ = {isa = PBXBuildFile; fileRef = 3D17AC551B52CF1600212AD8 /* AppDelegate.m */; };
		3D17AC591B52CF1600212AD8 /* ViewController.m in Sources */ = {isa = PBXBuildFile; fileRef = 3D17AC581B52CF1600212AD8 /* ViewController.m */; };
		3D17AC5C1B52CF1600212AD8 /* Main.storyboard in Resources */ = {isa = PBXBuildFile; fileRef = 3D17AC5A1B52CF1600212AD8 /* Main.storyboard */; };
		3D17AC5E1B52CF1600212AD8 /* Images.xcassets in Resources */ = {isa = PBXBuildFile; fileRef = 3D17AC5D1B52CF1600212AD8 /* Images.xcassets */; };
		3D17AC611B52CF1600212AD8 /* LaunchScreen.xib in Resources */ = {isa = PBXBuildFile; fileRef = 3D17AC5F1B52CF1600212AD8 /* LaunchScreen.xib */; };
		3D17AC6D1B52CF1600212AD8 /* ClassTestTests.m in Sources */ = {isa = PBXBuildFile; fileRef = 3D17AC6C1B52CF1600212AD8 /* ClassTestTests.m */; };
/* End PBXBuildFile section */

/* Begin PBXContainerItemProxy section */
		3D17AC671B52CF1600212AD8 /* PBXContainerItemProxy */ = {
			isa = PBXContainerItemProxy;
			containerPortal = 3D17AC451B52CF1600212AD8 /* Project object */;
			proxyType = 1;
			remoteGlobalIDString = 3D17AC4C1B52CF1600212AD8;
			remoteInfo = ClassTest;
		};
/* End PBXContainerItemProxy section */

/* Begin PBXFileReference section */
		3D17AC4D1B52CF1600212AD8 /* ClassTest.app */ = {isa = PBXFileReference; explicitFileType = wrapper.application; includeInIndex = 0; path = ClassTest.app; sourceTree = BUILT_PRODUCTS_DIR; };
		3D17AC511B52CF1600212AD8 /* Info.plist */ = {isa = PBXFileReference; lastKnownFileType = text.plist.xml; path = Info.plist; sourceTree = "<group>"; };
		3D17AC521B52CF1600212AD8 /* main.m */ = {isa = PBXFileReference; lastKnownFileType = sourcecode.c.objc; path = main.m; sourceTree = "<group>"; };
		3D17AC541B52CF1600212AD8 /* AppDelegate.h */ = {isa = PBXFileReference; lastKnownFileType = sourcecode.c.h; path = AppDelegate.h; sourceTree = "<group>"; };
		3D17AC551B52CF1600212AD8 /* AppDelegate.m */ = {isa = PBXFileReference; lastKnownFileType = sourcecode.c.objc; path = AppDelegate.m; sourceTree = "<group>"; };
		3D17AC571B52CF1600212AD8 /* ViewController.h */ = {isa = PBXFileReference; lastKnownFileType = sourcecode.c.h; path = ViewController.h; sourceTree = "<group>"; };
		3D17AC581B52CF1600212AD8 /* ViewController.m */ = {isa = PBXFileReference; lastKnownFileType = sourcecode.c.objc; path = ViewController.m; sourceTree = "<group>"; };
		3D17AC5B1B52CF1600212AD8 /* Base */ = {isa = PBXFileReference; lastKnownFileType = file.storyboard; name = Base; path = Base.lproj/Main.storyboard; sourceTree = "<group>"; };
		3D17AC5D1B52CF1600212AD8 /* Images.xcassets */ = {isa = PBXFileReference; lastKnownFileType = folder.assetcatalog; path = Images.xcassets; sourceTree = "<group>"; };
		3D17AC601B52CF1600212AD8 /* Base */ = {isa = PBXFileReference; lastKnownFileType = file.xib; name = Base; path = Base.lproj/LaunchScreen.xib; sourceTree = "<group>"; };
		3D17AC661B52CF1600212AD8 /* ClassTestTests.xctest */ = {isa = PBXFileReference; explicitFileType = wrapper.cfbundle; includeInIndex = 0; path = ClassTestTests.xctest; sourceTree = BUILT_PRODUCTS_DIR; };
		3D17AC6B1B52CF1600212AD8 /* Info.plist */ = {isa = PBXFileReference; lastKnownFileType = text.plist.xml; path = Info.plist; sourceTree = "<group>"; };
		3D17AC6C1B52CF1600212AD8 /* ClassTestTests.m */ = {isa = PBXFileReference; lastKnownFileType = sourcecode.c.objc; path = ClassTestTests.m; sourceTree = "<group>"; };
/* End PBXFileReference section */

/* Begin PBXFrameworksBuildPhase section */
		3D17AC4A1B52CF1600212AD8 /* Frameworks */ = {
			isa = PBXFrameworksBuildPhase;
			buildActionMask = 2147483647;
			files = (
			);
			runOnlyForDeploymentPostprocessing = 0;
		};
		3D17AC631B52CF1600212AD8 /* Frameworks */ = {
			isa = PBXFrameworksBuildPhase;
			buildActionMask = 2147483647;
			files = (
			);
			runOnlyForDeploymentPostprocessing = 0;
		};
/* End PBXFrameworksBuildPhase section */

/* Begin PBXGroup section */
		3D17AC441B52CF1600212AD8 = {
			isa = PBXGroup;
			children = (
				3D17AC4F1B52CF1600212AD8 /* ClassTest */,
				3D17AC691B52CF1600212AD8 /* ClassTestTests */,
				3D17AC4E1B52CF1600212AD8 /* Products */,
			);
			sourceTree = "<group>";
		};
		3D17AC4E1B52CF1600212AD8 /* Products */ = {
			isa = PBXGroup;
			children = (
				3D17AC4D1B52CF1600212AD8 /* ClassTest.app */,
				3D17AC661B52CF1600212AD8 /* ClassTestTests.xctest */,
			);
			name = Products;
			sourceTree = "<group>";
		};
		3D17AC4F1B52CF1600212AD8 /* ClassTest */ = {
			isa = PBXGroup;
			children = (
				3D17AC541B52CF1600212AD8 /* AppDelegate.h */,
				3D17AC551B52CF1600212AD8 /* AppDelegate.m */,
				3D17AC571B52CF1600212AD8 /* ViewController.h */,
				3D17AC581B52CF1600212AD8 /* ViewController.m */,
				3D17AC5A1B52CF1600212AD8 /* Main.storyboard */,
				3D17AC5D1B52CF1600212AD8 /* Images.xcassets */,
				3D17AC5F1B52CF1600212AD8 /* LaunchScreen.xib */,
				3D17AC501B52CF1600212AD8 /* Supporting Files */,
			);
			path = ClassTest;
			sourceTree = "<group>";
		};
		3D17AC501B52CF1600212AD8 /* Supporting Files */ = {
			isa = PBXGroup;
			children = (
				3D17AC511B52CF1600212AD8 /* Info.plist */,
				3D17AC521B52CF1600212AD8 /* main.m */,
			);
			name = "Supporting Files";
			sourceTree = "<group>";
		};
		3D17AC691B52CF1600212AD8 /* ClassTestTests */ = {
			isa = PBXGroup;
			children = (
				3D17AC6C1B52CF1600212AD8 /* ClassTestTests.m */,
				3D17AC6A1B52CF1600212AD8 /* Supporting Files */,
			);
			path = ClassTestTests;
			sourceTree = "<group>";
		};
		3D17AC6A1B52CF1600212AD8 /* Supporting Files */ = {
			isa = PBXGroup;
			children = (
				3D17AC6B1B52CF1600212AD8 /* Info.plist */,
			);
			name = "Supporting Files";
			sourceTree = "<group>";
		};
/* End PBXGroup section */

/* Begin PBXNativeTarget section */
		3D17AC4C1B52CF1600212AD8 /* ClassTest */ = {
			isa = PBXNativeTarget;
			buildConfigurationList = 3D17AC701B52CF1600212AD8 /* Build configuration list for PBXNativeTarget "ClassTest" */;
			buildPhases = (
				3D17AC491B52CF1600212AD8 /* Sources */,
				3D17AC4A1B52CF1600212AD8 /* Frameworks */,
				3D17AC4B1B52CF1600212AD8 /* Resources */,
			);
			buildRules = (
			);
			dependencies = (
			);
			name = ClassTest;
			productName = ClassTest;
			productReference = 3D17AC4D1B52CF1600212AD8 /* ClassTest.app */;
			productType = "com.apple.product-type.application";
		};
		3D17AC651B52CF1600212AD8 /* ClassTestTests */ = {
			isa = PBXNativeTarget;
			buildConfigurationList = 3D17AC731B52CF1600212AD8 /* Build configuration list for PBXNativeTarget "ClassTestTests" */;
			buildPhases = (
				3D17AC621B52CF1600212AD8 /* Sources */,
				3D17AC631B52CF1600212AD8 /* Frameworks */,
				3D17AC641B52CF1600212AD8 /* Resources */,
			);
			buildRules = (
			);
			dependencies = (
				3D17AC681B52CF1600212AD8 /* PBXTargetDependency */,
			);
			name = ClassTestTests;
			productName = ClassTestTests;
			productReference = 3D17AC661B52CF1600212AD8 /* ClassTestTests.xctest */;
			productType = "com.apple.product-type.bundle.unit-test";
		};
/* End PBXNativeTarget section */

/* Begin PBXProject section */
		3D17AC451B52CF1600212AD8 /* Project object */ = {
			isa = PBXProject;
			attributes = {
				LastUpgradeCheck = 0640;
				ORGANIZATIONNAME = William;
				TargetAttributes = {
					3D17AC4C1B52CF1600212AD8 = {
						CreatedOnToolsVersion = 6.4;
					};
					3D17AC651B52CF1600212AD8 = {
						CreatedOnToolsVersion = 6.4;
						TestTargetID = 3D17AC4C1B52CF1600212AD8;
					};
				};
			};
			buildConfigurationList = 3D17AC481B52CF1600212AD8 /* Build configuration list for PBXProject "ClassTest" */;
			compatibilityVersion = "Xcode 3.2";
			developmentRegion = English;
			hasScannedForEncodings = 0;
			knownRegions = (
				en,
				Base,
			);
			mainGroup = 3D17AC441B52CF1600212AD8;
			productRefGroup = 3D17AC4E1B52CF1600212AD8 /* Products */;
			projectDirPath = "";
			projectRoot = "";
			targets = (
				3D17AC4C1B52CF1600212AD8 /* ClassTest */,
				3D17AC651B52CF1600212AD8 /* ClassTestTests */,
			);
		};
/* End PBXProject section */

/* Begin PBXResourcesBuildPhase section */
		3D17AC4B1B52CF1600212AD8 /* Resources */ = {
			isa = PBXResourcesBuildPhase;
			buildActionMask = 2147483647;
			files = (
				3D17AC5C1B52CF1600212AD8 /* Main.storyboard in Resources */,
				3D17AC611B52CF1600212AD8 /* LaunchScreen.xib in Resources */,
				3D17AC5E1B52CF1600212AD8 /* Images.xcassets in Resources */,
			);
			runOnlyForDeploymentPostprocessing = 0;
		};
		3D17AC641B52CF1600212AD8 /* Resources */ = {
			isa = PBXResourcesBuildPhase;
			buildActionMask = 2147483647;
			files = (
			);
			runOnlyForDeploymentPostprocessing = 0;
		};
/* End PBXResourcesBuildPhase section */

/* Begin PBXSourcesBuildPhase section */
		3D17AC491B52CF1600212AD8 /* Sources */ = {
			isa = PBXSourcesBuildPhase;
			buildActionMask = 2147483647;
			files = (
				3D17AC591B52CF1600212AD8 /* ViewController.m in Sources */,
				3D17AC561B52CF1600212AD8 /* AppDelegate.m in Sources */,
				3D17AC531B52CF1600212AD8 /* main.m in Sources */,
			);
			runOnlyForDeploymentPostprocessing = 0;
		};
		3D17AC621B52CF1600212AD8 /* Sources */ = {
			isa = PBXSourcesBuildPhase;
			buildActionMask = 2147483647;
			files = (
				3D17AC6D1B52CF1600212AD8 /* ClassTestTests.m in Sources */,
			);
			runOnlyForDeploymentPostprocessing = 0;
		};
/* End PBXSourcesBuildPhase section */

/* Begin PBXTargetDependency section */
		3D17AC681B52CF1600212AD8 /* PBXTargetDependency */ = {
			isa = PBXTargetDependency;
			target = 3D17AC4C1B52CF1600212AD8 /* ClassTest */;
			targetProxy = 3D17AC671B52CF1600212AD8 /* PBXContainerItemProxy */;
		};
/* End PBXTargetDependency section */

/* Begin PBXVariantGroup section */
		3D17AC5A1B52CF1600212AD8 /* Main.storyboard */ = {
			isa = PBXVariantGroup;
			children = (
				3D17AC5B1B52CF1600212AD8 /* Base */,
			);
			name = Main.storyboard;
			sourceTree = "<group>";
		};
		3D17AC5F1B52CF1600212AD8 /* LaunchScreen.xib */ = {
			isa = PBXVariantGroup;
			children = (
				3D17AC601B52CF1600212AD8 /* Base */,
			);
			name = LaunchScreen.xib;
			sourceTree = "<group>";
		};
/* End PBXVariantGroup section */

/* Begin XCBuildConfiguration section */
		3D17AC6E1B52CF1600212AD8 /* Debug */ = {
			isa = XCBuildConfiguration;
			buildSettings = {
				ALWAYS_SEARCH_USER_PATHS = NO;
				CLANG_CXX_LANGUAGE_STANDARD = "gnu++0x";
				CLANG_CXX_LIBRARY = "libc++";
				CLANG_ENABLE_MODULES = YES;
				CLANG_ENABLE_OBJC_ARC = YES;
				CLANG_WARN_BOOL_CONVERSION = YES;
				CLANG_WARN_CONSTANT_CONVERSION = YES;
				CLANG_WARN_DIRECT_OBJC_ISA_USAGE = YES_ERROR;
				CLANG_WARN_EMPTY_BODY = YES;
				CLANG_WARN_ENUM_CONVERSION = YES;
				CLANG_WARN_INT_CONVERSION = YES;
				CLANG_WARN_OBJC_ROOT_CLASS = YES_ERROR;
				CLANG_WARN_UNREACHABLE_CODE = YES;
				CLANG_WARN__DUPLICATE_METHOD_MATCH = YES;
				"CODE_SIGN_IDENTITY[sdk=iphoneos*]" = "iPhone Developer";
				COPY_PHASE_STRIP = NO;
				DEBUG_INFORMATION_FORMAT = "dwarf-with-dsym";
				ENABLE_STRICT_OBJC_MSGSEND = YES;
				GCC_C_LANGUAGE_STANDARD = gnu99;
				GCC_DYNAMIC_NO_PIC = NO;
				GCC_NO_COMMON_BLOCKS = YES;
				GCC_OPTIMIZATION_LEVEL = 0;
				GCC_PREPROCESSOR_DEFINITIONS = (
					"DEBUG=1",
					"$(inherited)",
				);
				GCC_SYMBOLS_PRIVATE_EXTERN = NO;
				GCC_WARN_64_TO_32_BIT_CONVERSION = YES;
				GCC_WARN_ABOUT_RETURN_TYPE = YES_ERROR;
				GCC_WARN_UNDECLARED_SELECTOR = YES;
				GCC_WARN_UNINITIALIZED_AUTOS = YES_AGGRESSIVE;
				GCC_WARN_UNUSED_FUNCTION = YES;
				GCC_WARN_UNUSED_VARIABLE = YES;
				IPHONEOS_DEPLOYMENT_TARGET = 8.4;
				MTL_ENABLE_DEBUG_INFO = YES;
				ONLY_ACTIVE_ARCH = YES;
				SDKROOT = iphoneos;
			};
			name = Debug;
		};
		3D17AC6F1B52CF1600212AD8 /* Release */ = {
			isa = XCBuildConfiguration;
			buildSettings = {
				ALWAYS_SEARCH_USER_PATHS = NO;
				CLANG_CXX_LANGUAGE_STANDARD = "gnu++0x";
				CLANG_CXX_LIBRARY = "libc++";
				CLANG_ENABLE_MODULES = YES;
				CLANG_ENABLE_OBJC_ARC = YES;
				CLANG_WARN_BOOL_CONVERSION = YES;
				CLANG_WARN_CONSTANT_CONVERSION = YES;
				CLANG_WARN_DIRECT_OBJC_ISA_USAGE = YES_ERROR;
				CLANG_WARN_EMPTY_BODY = YES;
				CLANG_WARN_ENUM_CONVERSION = YES;
				CLANG_WARN_INT_CONVERSION = YES;
				CLANG_WARN_OBJC_ROOT_CLASS = YES_ERROR;
				CLANG_WARN_UNREACHABLE_CODE = YES;
				CLANG_WARN__DUPLICATE_METHOD_MATCH = YES;
				"CODE_SIGN_IDENTITY[sdk=iphoneos*]" = "iPhone Developer";
				COPY_PHASE_STRIP = NO;
				DEBUG_INFORMATION_FORMAT = "dwarf-with-dsym";
				ENABLE_NS_ASSERTIONS = NO;
				ENABLE_STRICT_OBJC_MSGSEND = YES;
				GCC_C_LANGUAGE_STANDARD = gnu99;
				GCC_NO_COMMON_BLOCKS = YES;
				GCC_WARN_64_TO_32_BIT_CONVERSION = YES;
				GCC_WARN_ABOUT_RETURN_TYPE = YES_ERROR;
				GCC_WARN_UNDECLARED_SELECTOR = YES;
				GCC_WARN_UNINITIALIZED_AUTOS = YES_AGGRESSIVE;
				GCC_WARN_UNUSED_FUNCTION = YES;
				GCC_WARN_UNUSED_VARIABLE = YES;
				IPHONEOS_DEPLOYMENT_TARGET = 8.4;
				MTL_ENABLE_DEBUG_INFO = NO;
				SDKROOT = iphoneos;
				VALIDATE_PRODUCT = YES;
			};
			name = Release;
		};
		3D17AC711B52CF1600212AD8 /* Debug */ = {
			isa = XCBuildConfiguration;
			buildSettings = {
				ASSETCATALOG_COMPILER_APPICON_NAME = AppIcon;
				INFOPLIST_FILE = ClassTest/Info.plist;
				LD_RUNPATH_SEARCH_PATHS = "$(inherited) @executable_path/Frameworks";
				PRODUCT_NAME = "$(TARGET_NAME)";
			};
			name = Debug;
		};
		3D17AC721B52CF1600212AD8 /* Release */ = {
			isa = XCBuildConfiguration;
			buildSettings = {
				ASSETCATALOG_COMPILER_APPICON_NAME = AppIcon;
				INFOPLIST_FILE = ClassTest/Info.plist;
				LD_RUNPATH_SEARCH_PATHS = "$(inherited) @executable_path/Frameworks";
				PRODUCT_NAME = "$(TARGET_NAME)";
			};
			name = Release;
		};
		3D17AC741B52CF1600212AD8 /* Debug */ = {
			isa = XCBuildConfiguration;
			buildSettings = {
				BUNDLE_LOADER = "$(TEST_HOST)";
				FRAMEWORK_SEARCH_PATHS = (
					"$(SDKROOT)/Developer/Library/Frameworks",
					"$(inherited)",
				);
				GCC_PREPROCESSOR_DEFINITIONS = (
					"DEBUG=1",
					"$(inherited)",
				);
				INFOPLIST_FILE = ClassTestTests/Info.plist;
				LD_RUNPATH_SEARCH_PATHS = "$(inherited) @executable_path/Frameworks @loader_path/Frameworks";
				PRODUCT_NAME = "$(TARGET_NAME)";
				TEST_HOST = "$(BUILT_PRODUCTS_DIR)/ClassTest.app/ClassTest";
			};
			name = Debug;
		};
		3D17AC751B52CF1600212AD8 /* Release */ = {
			isa = XCBuildConfiguration;
			buildSettings = {
				BUNDLE_LOADER = "$(TEST_HOST)";
				FRAMEWORK_SEARCH_PATHS = (
					"$(SDKROOT)/Developer/Library/Frameworks",
					"$(inherited)",
				);
				INFOPLIST_FILE = ClassTestTests/Info.plist;
				LD_RUNPATH_SEARCH_PATHS = "$(inherited) @executable_path/Frameworks @loader_path/Frameworks";
				PRODUCT_NAME = "$(TARGET_NAME)";
				TEST_HOST = "$(BUILT_PRODUCTS_DIR)/ClassTest.app/ClassTest";
			};
			name = Release;
		};
/* End XCBuildConfiguration section */

/* Begin XCConfigurationList section */
		3D17AC481B52CF1600212AD8 /* Build configuration list for PBXProject "ClassTest" */ = {
			isa = XCConfigurationList;
			buildConfigurations = (
				3D17AC6E1B52CF1600212AD8 /* Debug */,
				3D17AC6F1B52CF1600212AD8 /* Release */,
			);
			defaultConfigurationIsVisible = 0;
			defaultConfigurationName = Release;
		};
		3D17AC701B52CF1600212AD8 /* Build configuration list for PBXNativeTarget "ClassTest" */ = {
			isa = XCConfigurationList;
			buildConfigurations = (
				3D17AC711B52CF1600212AD8 /* Debug */,
				3D17AC721B52CF1600212AD8 /* Release */,
			);
			defaultConfigurationIsVisible = 0;
		};
		3D17AC731B52CF1600212AD8 /* Build configuration list for PBXNativeTarget "ClassTestTests" */ = {
			isa = XCConfigurationList;
			buildConfigurations = (
				3D17AC741B52CF1600212AD8 /* Debug */,
				3D17AC751B52CF1600212AD8 /* Release */,
			);
			defaultConfigurationIsVisible = 0;
		};
/* End XCConfigurationList section */
	};
	rootObject = 3D17AC451B52CF1600212AD8 /* Project object */;
}
